PODS:
  - Base64 (1.1.2)
  - CirrusMDSDK (1.4.0)
  - JWT (2.2.0):
    - Base64 (~> 1.1.2)

DEPENDENCIES:
  - CirrusMDSDK (from `../`)
  - JWT

SPEC REPOS:
  https://github.com/cocoapods/specs.git:
    - Base64
    - JWT

EXTERNAL SOURCES:
  CirrusMDSDK:
    :path: "../"

SPEC CHECKSUMS:
  Base64: cecfb41a004124895a7bcee567a89bae5a89d49b
  CirrusMDSDK: e7bfbe081848468e8be813b8eda1e756efab98ef
  JWT: cf73c0ab0dac762df3de8a3f1164352089d97780

PODFILE CHECKSUM: 548e97672380128e3f214f3d7e0e0edd7364d208

COCOAPODS: 1.5.3
