PODS:
  - AmazonChimeSDK-No-Bitcode (0.23.1):
    - AmazonChimeSDKMedia-No-Bitcode (= 0.18.1)
  - AmazonChimeSDKMedia-No-Bitcode (0.18.1)
  - CirrusMDSDK (11.1.0):
    - AmazonChimeSDK-No-Bitcode (~> 0.23.1)
    - Kingfisher (~> 7.6.2)
  - Kingfisher (7.6.2)

DEPENDENCIES:
  - CirrusMDSDK (~> 11.1.0)

SPEC REPOS:
  https://github.com/CirrusMD/podspecs.git:
    - CirrusMDSDK
  https://github.com/CocoaPods/Specs.git:
    - AmazonChimeSDK-No-Bitcode
    - AmazonChimeSDKMedia-No-Bitcode
    - Kingfisher

SPEC CHECKSUMS:
  AmazonChimeSDK-No-Bitcode: 19655be98d0e3facea16f716031c159d555d54c3
  AmazonChimeSDKMedia-No-Bitcode: 6afd3148ff5ea8924c276612259882fbe548ca3f
  CirrusMDSDK: 0874904942ebf3c0257f946b721ad1d74017695f
  Kingfisher: 6c5449c6450c5239166510ba04afe374a98afc4f

PODFILE CHECKSUM: c049107dde90ac7bb55dcebe6112a1f452ba5a95

COCOAPODS: 1.12.1
