PODS:
  - Appboy-iOS-SDK (3.32.0):
    - Appboy-iOS-SDK/UI (= 3.32.0)
  - Appboy-iOS-SDK/ContentCards (3.32.0):
    - Appboy-iOS-SDK/Core
    - SDWebImage (< 6, >= 5.8.2)
  - Appboy-iOS-SDK/Core (3.32.0)
  - Appboy-iOS-SDK/InAppMessage (3.32.0):
    - Appboy-iOS-SDK/Core
    - SDWebImage (< 6, >= 5.8.2)
  - Appboy-iOS-SDK/NewsFeed (3.32.0):
    - Appboy-iOS-SDK/Core
    - SDWebImage (< 6, >= 5.8.2)
  - Appboy-iOS-SDK/UI (3.32.0):
    - Appboy-iOS-SDK/ContentCards
    - Appboy-iOS-SDK/Core
    - Appboy-iOS-SDK/InAppMessage
    - Appboy-iOS-SDK/NewsFeed
  - CirrusMDSDK (8.0.0):
    - Appboy-iOS-SDK (~> 3.32.0)
    - CMDKTVJSONWebToken (~> 2.1.0)
    - CMDMBProgressHUD (~> 1.2.0)
    - CMDStarscream (~> 3.1.1)
    - Kingfisher (~> 5.15.8)
    - OpenTok (~> 2.18.1)
    - SnapKit (~> 5.0.1)
    - UDF (~> 0.7.0)
  - CMDKTVJSONWebToken (2.1.0)
  - CMDMBProgressHUD (1.2.0)
  - CMDStarscream (3.1.1)
  - Kingfisher (5.15.8):
    - Kingfisher/Core (= 5.15.8)
  - Kingfisher/Core (5.15.8)
  - OpenTok (2.18.1)
  - SDWebImage (5.10.4):
    - SDWebImage/Core (= 5.10.4)
  - SDWebImage/Core (5.10.4)
  - SnapKit (5.0.1)
  - UDF (0.7.0)

DEPENDENCIES:
  - CirrusMDSDK (~> 8.0.0)

SPEC REPOS:
  https://github.com/CirrusMD/podspecs.git:
    - CirrusMDSDK
    - CMDKTVJSONWebToken
    - CMDMBProgressHUD
    - CMDStarscream
    - UDF
  https://github.com/CocoaPods/Specs.git:
    - Appboy-iOS-SDK
    - Kingfisher
    - OpenTok
    - SDWebImage
    - SnapKit

SPEC CHECKSUMS:
  Appboy-iOS-SDK: 6d3016581cb5306e26826ec7333f0c5ae59e2a2f
  CirrusMDSDK: 0cea66e68498e2b93a857883860c70ea1aa73752
  CMDKTVJSONWebToken: bb69c614202fddb946644202ca3bedb0c2fbe648
  CMDMBProgressHUD: ba79c6445bd58c9588d10c18d9dc0fe844a3e1d0
  CMDStarscream: 5a1bdbce0aea1db47cc418e248cadf9dc30eee89
  Kingfisher: a3c03d702433fa6cfedabb2bddbe076fb8f2e902
  OpenTok: 2a816f5d77fbf2e2ebb5aec841bd21fb7dc7737b
  SDWebImage: c666b97e1fa9c64b4909816a903322018f0a9c84
  SnapKit: 97b92857e3df3a0c71833cce143274bf6ef8e5eb
  UDF: fe8d48fbc2187db4a0d888e29427a5916cc062f7

PODFILE CHECKSUM: 8bb7b85e3b4b29697cbe544336d28fa758109905

COCOAPODS: 1.10.0
