PODS:
  - CirrusMDSDK (10.5.0):
    - CMDMBProgressHUD (~> 1.2.1)
    - Kingfisher (~> 7.6.2)
    - OpenTok (~> 2.23.1)
    - SnapKit (~> 5.6.0)
  - CMDMBProgressHUD (1.2.1)
  - Kingfisher (7.6.2)
  - OpenTok (2.23.1):
    - VonageWebRTC (= 84.0.21)
  - SnapKit (5.6.0)
  - VonageWebRTC (84.0.21)

DEPENDENCIES:
  - CirrusMDSDK (~> 10.5.0)

SPEC REPOS:
  https://github.com/CirrusMD/podspecs.git:
    - CirrusMDSDK
    - CMDMBProgressHUD
  https://github.com/CocoaPods/Specs.git:
    - Kingfisher
    - OpenTok
    - SnapKit
    - VonageWebRTC

SPEC CHECKSUMS:
  CirrusMDSDK: 89dbed7f1b7c1e38bea92684272181b492e82ab7
  CMDMBProgressHUD: 7a120f51806bf1a496a660a12b6296fa60d46784
  Kingfisher: 6c5449c6450c5239166510ba04afe374a98afc4f
  OpenTok: 1d5737dd4df87cc77094adeaeb3b82b25a23ed3e
  SnapKit: e01d52ebb8ddbc333eefe2132acf85c8227d9c25
  VonageWebRTC: cfa7aefc3fe6e95bcbd778e8973af90fe9bfd497

PODFILE CHECKSUM: 34954d9a15bd70ad4d6968db28e15eef3cb3aaad

COCOAPODS: 1.12.0
