// !$*UTF8*$!
{
	archiveVersion = 1;
	classes = {
	};
	objectVersion = 46;
	objects = {

/* Begin PBXBuildFile section */
		B112769323D8EFD200E51F4C /* AppDelegate.m in Sources */ = {isa = PBXBuildFile; fileRef = B112769223D8EFD200E51F4C /* AppDelegate.m */; };
		B112769623D8EFD200E51F4C /* SceneDelegate.m in Sources */ = {isa = PBXBuildFile; fileRef = B112769523D8EFD200E51F4C /* SceneDelegate.m */; };
		B112769923D8EFD200E51F4C /* FirstViewController.m in Sources */ = {isa = PBXBuildFile; fileRef = B112769823D8EFD200E51F4C /* FirstViewController.m */; };
		B112769F23D8EFD200E51F4C /* Main.storyboard in Resources */ = {isa = PBXBuildFile; fileRef = B112769D23D8EFD200E51F4C /* Main.storyboard */; };
		B11276A123D8EFD200E51F4C /* Assets.xcassets in Resources */ = {isa = PBXBuildFile; fileRef = B11276A023D8EFD200E51F4C /* Assets.xcassets */; };
		B11276A423D8EFD200E51F4C /* LaunchScreen.storyboard in Resources */ = {isa = PBXBuildFile; fileRef = B11276A223D8EFD200E51F4C /* LaunchScreen.storyboard */; };
		B11276A723D8EFD200E51F4C /* main.m in Sources */ = {isa = PBXBuildFile; fileRef = B11276A623D8EFD200E51F4C /* main.m */; };
		B170B953232C330A00665AE8 /* AppDelegate.swift in Sources */ = {isa = PBXBuildFile; fileRef = B170B952232C330A00665AE8 /* AppDelegate.swift */; };
		B170B955232C330A00665AE8 /* ExampleViewController.swift in Sources */ = {isa = PBXBuildFile; fileRef = B170B954232C330A00665AE8 /* ExampleViewController.swift */; };
		B170B966232C338600665AE8 /* CirrusMD-LaunchScreen.xib in Resources */ = {isa = PBXBuildFile; fileRef = C3EEDFD62295A1FD005EF358 /* CirrusMD-LaunchScreen.xib */; };
		B170B968232C338600665AE8 /* Assets.xcassets in Resources */ = {isa = PBXBuildFile; fileRef = C3A9FFD222939E3000801651 /* Assets.xcassets */; };
		B170B96A232C33EB00665AE8 /* Main.storyboard in Resources */ = {isa = PBXBuildFile; fileRef = B170B969232C33EB00665AE8 /* Main.storyboard */; };
		B170B988232C401A00665AE8 /* en.lproj in Resources */ = {isa = PBXBuildFile; fileRef = C3A9FFD322939E3000801651 /* en.lproj */; };
		CB1B0567D041AC96B01EB1DE /* Pods_CirrusMDSDK_Pods.framework in Frameworks */ = {isa = PBXBuildFile; fileRef = 8AE7FD4C0BAD46AEB3A02022 /* Pods_CirrusMDSDK_Pods.framework */; };
		F3ACD216BFC02D41B42D7785 /* Pods_CirrusMDSDK_Pods_ObjC.framework in Frameworks */ = {isa = PBXBuildFile; fileRef = C31CAAF0E7CD2B6B23320516 /* Pods_CirrusMDSDK_Pods_ObjC.framework */; };
/* End PBXBuildFile section */

/* Begin PBXFileReference section */
		14D50BDD1FCC70CD00ECF757 /* Security.framework */ = {isa = PBXFileReference; lastKnownFileType = wrapper.framework; name = Security.framework; path = System/Library/Frameworks/Security.framework; sourceTree = SDKROOT; };
		14D50BDF1FCC70D300ECF757 /* SystemConfiguration.framework */ = {isa = PBXFileReference; lastKnownFileType = wrapper.framework; name = SystemConfiguration.framework; path = System/Library/Frameworks/SystemConfiguration.framework; sourceTree = SDKROOT; };
		14D50BE11FCC70EE00ECF757 /* libz.1.tbd */ = {isa = PBXFileReference; lastKnownFileType = "sourcecode.text-based-dylib-definition"; name = libz.1.tbd; path = usr/lib/libz.1.tbd; sourceTree = SDKROOT; };
		14D50BE31FCC70FD00ECF757 /* libc++.tbd */ = {isa = PBXFileReference; lastKnownFileType = "sourcecode.text-based-dylib-definition"; name = "libc++.tbd"; path = "usr/lib/libc++.tbd"; sourceTree = SDKROOT; };
		14D50C001FCC84C900ECF757 /* Accelerate.framework */ = {isa = PBXFileReference; lastKnownFileType = wrapper.framework; name = Accelerate.framework; path = System/Library/Frameworks/Accelerate.framework; sourceTree = SDKROOT; };
		6003F58D195388D20070C39A /* Foundation.framework */ = {isa = PBXFileReference; lastKnownFileType = wrapper.framework; name = Foundation.framework; path = System/Library/Frameworks/Foundation.framework; sourceTree = SDKROOT; };
		6003F58F195388D20070C39A /* CoreGraphics.framework */ = {isa = PBXFileReference; lastKnownFileType = wrapper.framework; name = CoreGraphics.framework; path = System/Library/Frameworks/CoreGraphics.framework; sourceTree = SDKROOT; };
		6003F591195388D20070C39A /* UIKit.framework */ = {isa = PBXFileReference; lastKnownFileType = wrapper.framework; name = UIKit.framework; path = System/Library/Frameworks/UIKit.framework; sourceTree = SDKROOT; };
		6003F5AF195388D20070C39A /* XCTest.framework */ = {isa = PBXFileReference; lastKnownFileType = wrapper.framework; name = XCTest.framework; path = Library/Frameworks/XCTest.framework; sourceTree = DEVELOPER_DIR; };
		792458EBD19222BC2BAE4D25 /* Pods-CirrusMDSDK-Pods-ObjC.release.xcconfig */ = {isa = PBXFileReference; includeInIndex = 1; lastKnownFileType = text.xcconfig; name = "Pods-CirrusMDSDK-Pods-ObjC.release.xcconfig"; path = "Target Support Files/Pods-CirrusMDSDK-Pods-ObjC/Pods-CirrusMDSDK-Pods-ObjC.release.xcconfig"; sourceTree = "<group>"; };
		8AE7FD4C0BAD46AEB3A02022 /* Pods_CirrusMDSDK_Pods.framework */ = {isa = PBXFileReference; explicitFileType = wrapper.framework; includeInIndex = 0; path = Pods_CirrusMDSDK_Pods.framework; sourceTree = BUILT_PRODUCTS_DIR; };
		93B1ABB43511102CCDBE6722 /* Pods-CirrusMDSDK-Pods.release.xcconfig */ = {isa = PBXFileReference; includeInIndex = 1; lastKnownFileType = text.xcconfig; name = "Pods-CirrusMDSDK-Pods.release.xcconfig"; path = "Target Support Files/Pods-CirrusMDSDK-Pods/Pods-CirrusMDSDK-Pods.release.xcconfig"; sourceTree = "<group>"; };
		A8CC1E22624BC24FF77090BF /* Pods-CirrusMDSDK-Pods-ObjC.debug.xcconfig */ = {isa = PBXFileReference; includeInIndex = 1; lastKnownFileType = text.xcconfig; name = "Pods-CirrusMDSDK-Pods-ObjC.debug.xcconfig"; path = "Target Support Files/Pods-CirrusMDSDK-Pods-ObjC/Pods-CirrusMDSDK-Pods-ObjC.debug.xcconfig"; sourceTree = "<group>"; };
		B112768F23D8EFD200E51F4C /* CirrusMDSDK-Pods-ObjC.app */ = {isa = PBXFileReference; explicitFileType = wrapper.application; includeInIndex = 0; path = "CirrusMDSDK-Pods-ObjC.app"; sourceTree = BUILT_PRODUCTS_DIR; };
		B112769123D8EFD200E51F4C /* AppDelegate.h */ = {isa = PBXFileReference; lastKnownFileType = sourcecode.c.h; path = AppDelegate.h; sourceTree = "<group>"; };
		B112769223D8EFD200E51F4C /* AppDelegate.m */ = {isa = PBXFileReference; lastKnownFileType = sourcecode.c.objc; path = AppDelegate.m; sourceTree = "<group>"; };
		B112769423D8EFD200E51F4C /* SceneDelegate.h */ = {isa = PBXFileReference; lastKnownFileType = sourcecode.c.h; path = SceneDelegate.h; sourceTree = "<group>"; };
		B112769523D8EFD200E51F4C /* SceneDelegate.m */ = {isa = PBXFileReference; lastKnownFileType = sourcecode.c.objc; path = SceneDelegate.m; sourceTree = "<group>"; };
		B112769723D8EFD200E51F4C /* FirstViewController.h */ = {isa = PBXFileReference; lastKnownFileType = sourcecode.c.h; path = FirstViewController.h; sourceTree = "<group>"; };
		B112769823D8EFD200E51F4C /* FirstViewController.m */ = {isa = PBXFileReference; lastKnownFileType = sourcecode.c.objc; path = FirstViewController.m; sourceTree = "<group>"; };
		B112769E23D8EFD200E51F4C /* Base */ = {isa = PBXFileReference; lastKnownFileType = file.storyboard; name = Base; path = Base.lproj/Main.storyboard; sourceTree = "<group>"; };
		B11276A023D8EFD200E51F4C /* Assets.xcassets */ = {isa = PBXFileReference; lastKnownFileType = folder.assetcatalog; path = Assets.xcassets; sourceTree = "<group>"; };
		B11276A323D8EFD200E51F4C /* Base */ = {isa = PBXFileReference; lastKnownFileType = file.storyboard; name = Base; path = Base.lproj/LaunchScreen.storyboard; sourceTree = "<group>"; };
		B11276A523D8EFD200E51F4C /* Info.plist */ = {isa = PBXFileReference; lastKnownFileType = text.plist.xml; path = Info.plist; sourceTree = "<group>"; };
		B11276A623D8EFD200E51F4C /* main.m */ = {isa = PBXFileReference; lastKnownFileType = sourcecode.c.objc; path = main.m; sourceTree = "<group>"; };
		B170B950232C330A00665AE8 /* CirrusMDSDK-Pods.app */ = {isa = PBXFileReference; explicitFileType = wrapper.application; includeInIndex = 0; path = "CirrusMDSDK-Pods.app"; sourceTree = BUILT_PRODUCTS_DIR; };
		B170B952232C330A00665AE8 /* AppDelegate.swift */ = {isa = PBXFileReference; lastKnownFileType = sourcecode.swift; path = AppDelegate.swift; sourceTree = "<group>"; };
		B170B954232C330A00665AE8 /* ExampleViewController.swift */ = {isa = PBXFileReference; lastKnownFileType = sourcecode.swift; path = ExampleViewController.swift; sourceTree = "<group>"; };
		B170B960232C330B00665AE8 /* Info.plist */ = {isa = PBXFileReference; lastKnownFileType = text.plist.xml; path = Info.plist; sourceTree = "<group>"; };
		B170B969232C33EB00665AE8 /* Main.storyboard */ = {isa = PBXFileReference; fileEncoding = 4; lastKnownFileType = file.storyboard; path = Main.storyboard; sourceTree = "<group>"; };
		C31CAAF0E7CD2B6B23320516 /* Pods_CirrusMDSDK_Pods_ObjC.framework */ = {isa = PBXFileReference; explicitFileType = wrapper.framework; includeInIndex = 0; path = Pods_CirrusMDSDK_Pods_ObjC.framework; sourceTree = BUILT_PRODUCTS_DIR; };
		C3A9FFD222939E3000801651 /* Assets.xcassets */ = {isa = PBXFileReference; lastKnownFileType = folder.assetcatalog; path = Assets.xcassets; sourceTree = "<group>"; };
		C3A9FFD322939E3000801651 /* en.lproj */ = {isa = PBXFileReference; lastKnownFileType = folder; path = en.lproj; sourceTree = "<group>"; };
		C3EEDF9C22957AB6005EF358 /* Base64.framework */ = {isa = PBXFileReference; lastKnownFileType = wrapper.framework; name = Base64.framework; path = Carthage/Build/iOS/Base64.framework; sourceTree = "<group>"; };
		C3EEDF9E22957AC6005EF358 /* JWT_iOS_Framework.framework */ = {isa = PBXFileReference; lastKnownFileType = wrapper.framework; name = JWT_iOS_Framework.framework; path = Carthage/Build/iOS/JWT_iOS_Framework.framework; sourceTree = "<group>"; };
		C3EEDFA022957AD2005EF358 /* JWT.framework */ = {isa = PBXFileReference; lastKnownFileType = wrapper.framework; name = JWT.framework; path = Carthage/Build/iOS/JWT.framework; sourceTree = "<group>"; };
		C3EEDFD62295A1FD005EF358 /* CirrusMD-LaunchScreen.xib */ = {isa = PBXFileReference; lastKnownFileType = file.xib; path = "CirrusMD-LaunchScreen.xib"; sourceTree = "<group>"; };
		DEE5138E96A85C30F89B9BF9 /* Pods-CirrusMDSDK-Pods.debug.xcconfig */ = {isa = PBXFileReference; includeInIndex = 1; lastKnownFileType = text.xcconfig; name = "Pods-CirrusMDSDK-Pods.debug.xcconfig"; path = "Target Support Files/Pods-CirrusMDSDK-Pods/Pods-CirrusMDSDK-Pods.debug.xcconfig"; sourceTree = "<group>"; };
/* End PBXFileReference section */

/* Begin PBXFrameworksBuildPhase section */
		B112768C23D8EFD200E51F4C /* Frameworks */ = {
			isa = PBXFrameworksBuildPhase;
			buildActionMask = 2147483647;
			files = (
				F3ACD216BFC02D41B42D7785 /* Pods_CirrusMDSDK_Pods_ObjC.framework in Frameworks */,
			);
			runOnlyForDeploymentPostprocessing = 0;
		};
		B170B94D232C330A00665AE8 /* Frameworks */ = {
			isa = PBXFrameworksBuildPhase;
			buildActionMask = 2147483647;
			files = (
				CB1B0567D041AC96B01EB1DE /* Pods_CirrusMDSDK_Pods.framework in Frameworks */,
			);
			runOnlyForDeploymentPostprocessing = 0;
		};
/* End PBXFrameworksBuildPhase section */

/* Begin PBXGroup section */
		6003F581195388D10070C39A = {
			isa = PBXGroup;
			children = (
				C3A9FFAF22939DD200801651 /* CirrusMDSDK-Pods */,
				B112769023D8EFD200E51F4C /* CirrusMDSDK-Pods-ObjC */,
				6003F58C195388D20070C39A /* Frameworks */,
				6003F58B195388D20070C39A /* Products */,
				E50021A1FDAAFACD5F75FABB /* Pods */,
			);
			sourceTree = "<group>";
		};
		6003F58B195388D20070C39A /* Products */ = {
			isa = PBXGroup;
			children = (
				B170B950232C330A00665AE8 /* CirrusMDSDK-Pods.app */,
				B112768F23D8EFD200E51F4C /* CirrusMDSDK-Pods-ObjC.app */,
			);
			name = Products;
			sourceTree = "<group>";
		};
		6003F58C195388D20070C39A /* Frameworks */ = {
			isa = PBXGroup;
			children = (
				C3EEDFA022957AD2005EF358 /* JWT.framework */,
				C3EEDF9E22957AC6005EF358 /* JWT_iOS_Framework.framework */,
				C3EEDF9C22957AB6005EF358 /* Base64.framework */,
				14D50C001FCC84C900ECF757 /* Accelerate.framework */,
				14D50BE31FCC70FD00ECF757 /* libc++.tbd */,
				14D50BE11FCC70EE00ECF757 /* libz.1.tbd */,
				14D50BDF1FCC70D300ECF757 /* SystemConfiguration.framework */,
				14D50BDD1FCC70CD00ECF757 /* Security.framework */,
				6003F58D195388D20070C39A /* Foundation.framework */,
				6003F58F195388D20070C39A /* CoreGraphics.framework */,
				6003F591195388D20070C39A /* UIKit.framework */,
				6003F5AF195388D20070C39A /* XCTest.framework */,
				8AE7FD4C0BAD46AEB3A02022 /* Pods_CirrusMDSDK_Pods.framework */,
				C31CAAF0E7CD2B6B23320516 /* Pods_CirrusMDSDK_Pods_ObjC.framework */,
			);
			name = Frameworks;
			sourceTree = "<group>";
		};
		B112769023D8EFD200E51F4C /* CirrusMDSDK-Pods-ObjC */ = {
			isa = PBXGroup;
			children = (
				B112769123D8EFD200E51F4C /* AppDelegate.h */,
				B112769223D8EFD200E51F4C /* AppDelegate.m */,
				B112769423D8EFD200E51F4C /* SceneDelegate.h */,
				B112769523D8EFD200E51F4C /* SceneDelegate.m */,
				B112769723D8EFD200E51F4C /* FirstViewController.h */,
				B112769823D8EFD200E51F4C /* FirstViewController.m */,
				B112769D23D8EFD200E51F4C /* Main.storyboard */,
				B11276A023D8EFD200E51F4C /* Assets.xcassets */,
				B11276A223D8EFD200E51F4C /* LaunchScreen.storyboard */,
				B11276A523D8EFD200E51F4C /* Info.plist */,
				B11276A623D8EFD200E51F4C /* main.m */,
			);
			path = "CirrusMDSDK-Pods-ObjC";
			sourceTree = "<group>";
		};
		C3A9FFAF22939DD200801651 /* CirrusMDSDK-Pods */ = {
			isa = PBXGroup;
			children = (
				B170B952232C330A00665AE8 /* AppDelegate.swift */,
				B170B954232C330A00665AE8 /* ExampleViewController.swift */,
				B170B969232C33EB00665AE8 /* Main.storyboard */,
				C3EEDFD62295A1FD005EF358 /* CirrusMD-LaunchScreen.xib */,
				C3A9FFD222939E3000801651 /* Assets.xcassets */,
				B170B960232C330B00665AE8 /* Info.plist */,
				C3A9FFD322939E3000801651 /* en.lproj */,
			);
			path = "CirrusMDSDK-Pods";
			sourceTree = "<group>";
		};
		E50021A1FDAAFACD5F75FABB /* Pods */ = {
			isa = PBXGroup;
			children = (
				DEE5138E96A85C30F89B9BF9 /* Pods-CirrusMDSDK-Pods.debug.xcconfig */,
				93B1ABB43511102CCDBE6722 /* Pods-CirrusMDSDK-Pods.release.xcconfig */,
				A8CC1E22624BC24FF77090BF /* Pods-CirrusMDSDK-Pods-ObjC.debug.xcconfig */,
				792458EBD19222BC2BAE4D25 /* Pods-CirrusMDSDK-Pods-ObjC.release.xcconfig */,
			);
			path = Pods;
			sourceTree = "<group>";
		};
/* End PBXGroup section */

/* Begin PBXNativeTarget section */
		B112768E23D8EFD200E51F4C /* CirrusMDSDK-Pods-ObjC */ = {
			isa = PBXNativeTarget;
			buildConfigurationList = B11276AA23D8EFD200E51F4C /* Build configuration list for PBXNativeTarget "CirrusMDSDK-Pods-ObjC" */;
			buildPhases = (
				2DFD8FDAC00E2E18E172E95C /* [CP] Check Pods Manifest.lock */,
				B112768B23D8EFD200E51F4C /* Sources */,
				B112768C23D8EFD200E51F4C /* Frameworks */,
				B112768D23D8EFD200E51F4C /* Resources */,
				5E216E7AF1A18A31E8AF620C /* [CP] Embed Pods Frameworks */,
			);
			buildRules = (
			);
			dependencies = (
			);
			name = "CirrusMDSDK-Pods-ObjC";
			productName = "CirrusMDSDK-Pods-ObjC";
			productReference = B112768F23D8EFD200E51F4C /* CirrusMDSDK-Pods-ObjC.app */;
			productType = "com.apple.product-type.application";
		};
		B170B94F232C330A00665AE8 /* CirrusMDSDK-Pods */ = {
			isa = PBXNativeTarget;
			buildConfigurationList = B170B961232C330B00665AE8 /* Build configuration list for PBXNativeTarget "CirrusMDSDK-Pods" */;
			buildPhases = (
				C4993C32000DADA05A8C172D /* [CP] Check Pods Manifest.lock */,
				B170B94C232C330A00665AE8 /* Sources */,
				B170B94D232C330A00665AE8 /* Frameworks */,
				B170B94E232C330A00665AE8 /* Resources */,
				7343DC98493AFF4C7C12C85E /* [CP] Embed Pods Frameworks */,
			);
			buildRules = (
			);
			dependencies = (
			);
			name = "CirrusMDSDK-Pods";
			productName = "CirrusMDSDK-Swift-Pods";
			productReference = B170B950232C330A00665AE8 /* CirrusMDSDK-Pods.app */;
			productType = "com.apple.product-type.application";
		};
/* End PBXNativeTarget section */

/* Begin PBXProject section */
		6003F582195388D10070C39A /* Project object */ = {
			isa = PBXProject;
			attributes = {
				CLASSPREFIX = CMD;
				LastSwiftUpdateCheck = 1030;
				LastUpgradeCheck = 1020;
				ORGANIZATIONNAME = steam;
				TargetAttributes = {
					B112768E23D8EFD200E51F4C = {
						CreatedOnToolsVersion = 11.3.1;
						DevelopmentTeam = C7DYCH58CQ;
						ProvisioningStyle = Automatic;
					};
					B170B94F232C330A00665AE8 = {
						CreatedOnToolsVersion = 10.3;
						DevelopmentTeam = C7DYCH58CQ;
						ProvisioningStyle = Automatic;
					};
				};
			};
			buildConfigurationList = 6003F585195388D10070C39A /* Build configuration list for PBXProject "CirrusMDSDK-Example" */;
			compatibilityVersion = "Xcode 3.2";
			developmentRegion = en;
			hasScannedForEncodings = 0;
			knownRegions = (
				en,
				Base,
			);
			mainGroup = 6003F581195388D10070C39A;
			productRefGroup = 6003F58B195388D20070C39A /* Products */;
			projectDirPath = "";
			projectRoot = "";
			targets = (
				B170B94F232C330A00665AE8 /* CirrusMDSDK-Pods */,
				B112768E23D8EFD200E51F4C /* CirrusMDSDK-Pods-ObjC */,
			);
		};
/* End PBXProject section */

/* Begin PBXResourcesBuildPhase section */
		B112768D23D8EFD200E51F4C /* Resources */ = {
			isa = PBXResourcesBuildPhase;
			buildActionMask = 2147483647;
			files = (
				B11276A423D8EFD200E51F4C /* LaunchScreen.storyboard in Resources */,
				B11276A123D8EFD200E51F4C /* Assets.xcassets in Resources */,
				B112769F23D8EFD200E51F4C /* Main.storyboard in Resources */,
			);
			runOnlyForDeploymentPostprocessing = 0;
		};
		B170B94E232C330A00665AE8 /* Resources */ = {
			isa = PBXResourcesBuildPhase;
			buildActionMask = 2147483647;
			files = (
				B170B988232C401A00665AE8 /* en.lproj in Resources */,
				B170B96A232C33EB00665AE8 /* Main.storyboard in Resources */,
				B170B966232C338600665AE8 /* CirrusMD-LaunchScreen.xib in Resources */,
				B170B968232C338600665AE8 /* Assets.xcassets in Resources */,
			);
			runOnlyForDeploymentPostprocessing = 0;
		};
/* End PBXResourcesBuildPhase section */

/* Begin PBXShellScriptBuildPhase section */
		2DFD8FDAC00E2E18E172E95C /* [CP] Check Pods Manifest.lock */ = {
			isa = PBXShellScriptBuildPhase;
			buildActionMask = 2147483647;
			files = (
			);
			inputFileListPaths = (
			);
			inputPaths = (
				"${PODS_PODFILE_DIR_PATH}/Podfile.lock",
				"${PODS_ROOT}/Manifest.lock",
			);
			name = "[CP] Check Pods Manifest.lock";
			outputFileListPaths = (
			);
			outputPaths = (
				"$(DERIVED_FILE_DIR)/Pods-CirrusMDSDK-Pods-ObjC-checkManifestLockResult.txt",
			);
			runOnlyForDeploymentPostprocessing = 0;
			shellPath = /bin/sh;
			shellScript = "diff \"${PODS_PODFILE_DIR_PATH}/Podfile.lock\" \"${PODS_ROOT}/Manifest.lock\" > /dev/null\nif [ $? != 0 ] ; then\n    # print error to STDERR\n    echo \"error: The sandbox is not in sync with the Podfile.lock. Run 'pod install' or update your CocoaPods installation.\" >&2\n    exit 1\nfi\n# This output is used by Xcode 'outputs' to avoid re-running this script phase.\necho \"SUCCESS\" > \"${SCRIPT_OUTPUT_FILE_0}\"\n";
			showEnvVarsInLog = 0;
		};
		5E216E7AF1A18A31E8AF620C /* [CP] Embed Pods Frameworks */ = {
			isa = PBXShellScriptBuildPhase;
			buildActionMask = 2147483647;
			files = (
			);
			inputPaths = (
				"${PODS_ROOT}/Target Support Files/Pods-CirrusMDSDK-Pods-ObjC/Pods-CirrusMDSDK-Pods-ObjC-frameworks.sh",
				"${BUILT_PRODUCTS_DIR}/Appboy-iOS-SDK/Appboy_iOS_SDK.framework",
				"${BUILT_PRODUCTS_DIR}/CMDKTVJSONWebToken/CMDKTVJSONWebToken.framework",
				"${BUILT_PRODUCTS_DIR}/CMDMBProgressHUD/CMDMBProgressHUD.framework",
				"${BUILT_PRODUCTS_DIR}/CMDObjectMapper/CMDObjectMapper.framework",
				"${BUILT_PRODUCTS_DIR}/CMDStarscream/CMDStarscream.framework",
				"${PODS_ROOT}/CirrusMDSDK/CirrusMDSDK.framework",
				"${BUILT_PRODUCTS_DIR}/Kingfisher/Kingfisher.framework",
				"${BUILT_PRODUCTS_DIR}/SDWebImage/SDWebImage.framework",
				"${BUILT_PRODUCTS_DIR}/SnapKit/SnapKit.framework",
				"${BUILT_PRODUCTS_DIR}/UDF/UDF.framework",
			);
			name = "[CP] Embed Pods Frameworks";
			outputPaths = (
				"${TARGET_BUILD_DIR}/${FRAMEWORKS_FOLDER_PATH}/Appboy_iOS_SDK.framework",
				"${TARGET_BUILD_DIR}/${FRAMEWORKS_FOLDER_PATH}/CMDKTVJSONWebToken.framework",
				"${TARGET_BUILD_DIR}/${FRAMEWORKS_FOLDER_PATH}/CMDMBProgressHUD.framework",
				"${TARGET_BUILD_DIR}/${FRAMEWORKS_FOLDER_PATH}/CMDObjectMapper.framework",
				"${TARGET_BUILD_DIR}/${FRAMEWORKS_FOLDER_PATH}/CMDStarscream.framework",
				"${TARGET_BUILD_DIR}/${FRAMEWORKS_FOLDER_PATH}/CirrusMDSDK.framework",
				"${TARGET_BUILD_DIR}/${FRAMEWORKS_FOLDER_PATH}/Kingfisher.framework",
				"${TARGET_BUILD_DIR}/${FRAMEWORKS_FOLDER_PATH}/SDWebImage.framework",
				"${TARGET_BUILD_DIR}/${FRAMEWORKS_FOLDER_PATH}/SnapKit.framework",
				"${TARGET_BUILD_DIR}/${FRAMEWORKS_FOLDER_PATH}/UDF.framework",
			);
			runOnlyForDeploymentPostprocessing = 0;
			shellPath = /bin/sh;
			shellScript = "\"${PODS_ROOT}/Target Support Files/Pods-CirrusMDSDK-Pods-ObjC/Pods-CirrusMDSDK-Pods-ObjC-frameworks.sh\"\n";
			showEnvVarsInLog = 0;
		};
		7343DC98493AFF4C7C12C85E /* [CP] Embed Pods Frameworks */ = {
			isa = PBXShellScriptBuildPhase;
			buildActionMask = 2147483647;
			files = (
			);
			inputPaths = (
				"${PODS_ROOT}/Target Support Files/Pods-CirrusMDSDK-Pods/Pods-CirrusMDSDK-Pods-frameworks.sh",
				"${BUILT_PRODUCTS_DIR}/Appboy-iOS-SDK/Appboy_iOS_SDK.framework",
				"${BUILT_PRODUCTS_DIR}/CMDKTVJSONWebToken/CMDKTVJSONWebToken.framework",
				"${BUILT_PRODUCTS_DIR}/CMDMBProgressHUD/CMDMBProgressHUD.framework",
				"${BUILT_PRODUCTS_DIR}/CMDObjectMapper/CMDObjectMapper.framework",
				"${BUILT_PRODUCTS_DIR}/CMDStarscream/CMDStarscream.framework",
				"${PODS_ROOT}/CirrusMDSDK/CirrusMDSDK.framework",
				"${BUILT_PRODUCTS_DIR}/Kingfisher/Kingfisher.framework",
				"${BUILT_PRODUCTS_DIR}/SDWebImage/SDWebImage.framework",
				"${BUILT_PRODUCTS_DIR}/SnapKit/SnapKit.framework",
				"${BUILT_PRODUCTS_DIR}/UDF/UDF.framework",
			);
			name = "[CP] Embed Pods Frameworks";
			outputPaths = (
				"${TARGET_BUILD_DIR}/${FRAMEWORKS_FOLDER_PATH}/Appboy_iOS_SDK.framework",
				"${TARGET_BUILD_DIR}/${FRAMEWORKS_FOLDER_PATH}/CMDKTVJSONWebToken.framework",
				"${TARGET_BUILD_DIR}/${FRAMEWORKS_FOLDER_PATH}/CMDMBProgressHUD.framework",
				"${TARGET_BUILD_DIR}/${FRAMEWORKS_FOLDER_PATH}/CMDObjectMapper.framework",
				"${TARGET_BUILD_DIR}/${FRAMEWORKS_FOLDER_PATH}/CMDStarscream.framework",
				"${TARGET_BUILD_DIR}/${FRAMEWORKS_FOLDER_PATH}/CirrusMDSDK.framework",
				"${TARGET_BUILD_DIR}/${FRAMEWORKS_FOLDER_PATH}/Kingfisher.framework",
				"${TARGET_BUILD_DIR}/${FRAMEWORKS_FOLDER_PATH}/SDWebImage.framework",
				"${TARGET_BUILD_DIR}/${FRAMEWORKS_FOLDER_PATH}/SnapKit.framework",
				"${TARGET_BUILD_DIR}/${FRAMEWORKS_FOLDER_PATH}/UDF.framework",
			);
			runOnlyForDeploymentPostprocessing = 0;
			shellPath = /bin/sh;
			shellScript = "\"${PODS_ROOT}/Target Support Files/Pods-CirrusMDSDK-Pods/Pods-CirrusMDSDK-Pods-frameworks.sh\"\n";
			showEnvVarsInLog = 0;
		};
		C4993C32000DADA05A8C172D /* [CP] Check Pods Manifest.lock */ = {
			isa = PBXShellScriptBuildPhase;
			buildActionMask = 2147483647;
			files = (
			);
			inputFileListPaths = (
			);
			inputPaths = (
				"${PODS_PODFILE_DIR_PATH}/Podfile.lock",
				"${PODS_ROOT}/Manifest.lock",
			);
			name = "[CP] Check Pods Manifest.lock";
			outputFileListPaths = (
			);
			outputPaths = (
				"$(DERIVED_FILE_DIR)/Pods-CirrusMDSDK-Pods-checkManifestLockResult.txt",
			);
			runOnlyForDeploymentPostprocessing = 0;
			shellPath = /bin/sh;
			shellScript = "diff \"${PODS_PODFILE_DIR_PATH}/Podfile.lock\" \"${PODS_ROOT}/Manifest.lock\" > /dev/null\nif [ $? != 0 ] ; then\n    # print error to STDERR\n    echo \"error: The sandbox is not in sync with the Podfile.lock. Run 'pod install' or update your CocoaPods installation.\" >&2\n    exit 1\nfi\n# This output is used by Xcode 'outputs' to avoid re-running this script phase.\necho \"SUCCESS\" > \"${SCRIPT_OUTPUT_FILE_0}\"\n";
			showEnvVarsInLog = 0;
		};
/* End PBXShellScriptBuildPhase section */

/* Begin PBXSourcesBuildPhase section */
		B112768B23D8EFD200E51F4C /* Sources */ = {
			isa = PBXSourcesBuildPhase;
			buildActionMask = 2147483647;
			files = (
				B11276A723D8EFD200E51F4C /* main.m in Sources */,
				B112769323D8EFD200E51F4C /* AppDelegate.m in Sources */,
				B112769923D8EFD200E51F4C /* FirstViewController.m in Sources */,
				B112769623D8EFD200E51F4C /* SceneDelegate.m in Sources */,
			);
			runOnlyForDeploymentPostprocessing = 0;
		};
		B170B94C232C330A00665AE8 /* Sources */ = {
			isa = PBXSourcesBuildPhase;
			buildActionMask = 2147483647;
			files = (
				B170B953232C330A00665AE8 /* AppDelegate.swift in Sources */,
				B170B955232C330A00665AE8 /* ExampleViewController.swift in Sources */,
			);
			runOnlyForDeploymentPostprocessing = 0;
		};
/* End PBXSourcesBuildPhase section */

/* Begin PBXVariantGroup section */
		B112769D23D8EFD200E51F4C /* Main.storyboard */ = {
			isa = PBXVariantGroup;
			children = (
				B112769E23D8EFD200E51F4C /* Base */,
			);
			name = Main.storyboard;
			sourceTree = "<group>";
		};
		B11276A223D8EFD200E51F4C /* LaunchScreen.storyboard */ = {
			isa = PBXVariantGroup;
			children = (
				B11276A323D8EFD200E51F4C /* Base */,
			);
			name = LaunchScreen.storyboard;
			sourceTree = "<group>";
		};
/* End PBXVariantGroup section */

/* Begin XCBuildConfiguration section */
		6003F5BD195388D20070C39A /* Debug */ = {
			isa = XCBuildConfiguration;
			buildSettings = {
				ALWAYS_EMBED_SWIFT_STANDARD_LIBRARIES = YES;
				ALWAYS_SEARCH_USER_PATHS = NO;
				CLANG_ANALYZER_LOCALIZABILITY_NONLOCALIZED = YES;
				CLANG_CXX_LANGUAGE_STANDARD = "gnu++0x";
				CLANG_CXX_LIBRARY = "libc++";
				CLANG_ENABLE_MODULES = YES;
				CLANG_ENABLE_OBJC_ARC = YES;
				CLANG_WARN_BLOCK_CAPTURE_AUTORELEASING = YES;
				CLANG_WARN_BOOL_CONVERSION = YES;
				CLANG_WARN_COMMA = YES;
				CLANG_WARN_CONSTANT_CONVERSION = YES;
				CLANG_WARN_DEPRECATED_OBJC_IMPLEMENTATIONS = YES;
				CLANG_WARN_DIRECT_OBJC_ISA_USAGE = YES_ERROR;
				CLANG_WARN_EMPTY_BODY = YES;
				CLANG_WARN_ENUM_CONVERSION = YES;
				CLANG_WARN_INFINITE_RECURSION = YES;
				CLANG_WARN_INT_CONVERSION = YES;
				CLANG_WARN_NON_LITERAL_NULL_CONVERSION = YES;
				CLANG_WARN_OBJC_IMPLICIT_RETAIN_SELF = YES;
				CLANG_WARN_OBJC_LITERAL_CONVERSION = YES;
				CLANG_WARN_OBJC_ROOT_CLASS = YES_ERROR;
				CLANG_WARN_RANGE_LOOP_ANALYSIS = YES;
				CLANG_WARN_STRICT_PROTOTYPES = YES;
				CLANG_WARN_SUSPICIOUS_MOVE = YES;
				CLANG_WARN_UNREACHABLE_CODE = YES;
				CLANG_WARN__DUPLICATE_METHOD_MATCH = YES;
				"CODE_SIGN_IDENTITY[sdk=iphoneos*]" = "iPhone Developer";
				COPY_PHASE_STRIP = NO;
				ENABLE_STRICT_OBJC_MSGSEND = YES;
				ENABLE_TESTABILITY = YES;
				GCC_C_LANGUAGE_STANDARD = gnu99;
				GCC_DYNAMIC_NO_PIC = NO;
				GCC_NO_COMMON_BLOCKS = YES;
				GCC_OPTIMIZATION_LEVEL = 0;
				GCC_PREPROCESSOR_DEFINITIONS = (
					"DEBUG=1",
					"$(inherited)",
				);
				GCC_SYMBOLS_PRIVATE_EXTERN = NO;
				GCC_WARN_64_TO_32_BIT_CONVERSION = YES;
				GCC_WARN_ABOUT_RETURN_TYPE = YES_ERROR;
				GCC_WARN_UNDECLARED_SELECTOR = YES;
				GCC_WARN_UNINITIALIZED_AUTOS = YES_AGGRESSIVE;
				GCC_WARN_UNUSED_FUNCTION = YES;
				GCC_WARN_UNUSED_VARIABLE = YES;
				IPHONEOS_DEPLOYMENT_TARGET = 10.0;
				ONLY_ACTIVE_ARCH = YES;
				SDKROOT = iphoneos;
				SKIP_INSTALL = YES;
				TARGETED_DEVICE_FAMILY = "1,2";
			};
			name = Debug;
		};
		6003F5BE195388D20070C39A /* Release */ = {
			isa = XCBuildConfiguration;
			buildSettings = {
				ALWAYS_EMBED_SWIFT_STANDARD_LIBRARIES = YES;
				ALWAYS_SEARCH_USER_PATHS = NO;
				CLANG_ANALYZER_LOCALIZABILITY_NONLOCALIZED = YES;
				CLANG_CXX_LANGUAGE_STANDARD = "gnu++0x";
				CLANG_CXX_LIBRARY = "libc++";
				CLANG_ENABLE_MODULES = YES;
				CLANG_ENABLE_OBJC_ARC = YES;
				CLANG_WARN_BLOCK_CAPTURE_AUTORELEASING = YES;
				CLANG_WARN_BOOL_CONVERSION = YES;
				CLANG_WARN_COMMA = YES;
				CLANG_WARN_CONSTANT_CONVERSION = YES;
				CLANG_WARN_DEPRECATED_OBJC_IMPLEMENTATIONS = YES;
				CLANG_WARN_DIRECT_OBJC_ISA_USAGE = YES_ERROR;
				CLANG_WARN_EMPTY_BODY = YES;
				CLANG_WARN_ENUM_CONVERSION = YES;
				CLANG_WARN_INFINITE_RECURSION = YES;
				CLANG_WARN_INT_CONVERSION = YES;
				CLANG_WARN_NON_LITERAL_NULL_CONVERSION = YES;
				CLANG_WARN_OBJC_IMPLICIT_RETAIN_SELF = YES;
				CLANG_WARN_OBJC_LITERAL_CONVERSION = YES;
				CLANG_WARN_OBJC_ROOT_CLASS = YES_ERROR;
				CLANG_WARN_RANGE_LOOP_ANALYSIS = YES;
				CLANG_WARN_STRICT_PROTOTYPES = YES;
				CLANG_WARN_SUSPICIOUS_MOVE = YES;
				CLANG_WARN_UNREACHABLE_CODE = YES;
				CLANG_WARN__DUPLICATE_METHOD_MATCH = YES;
				"CODE_SIGN_IDENTITY[sdk=iphoneos*]" = "iPhone Developer";
				COPY_PHASE_STRIP = YES;
				ENABLE_NS_ASSERTIONS = NO;
				ENABLE_STRICT_OBJC_MSGSEND = YES;
				GCC_C_LANGUAGE_STANDARD = gnu99;
				GCC_NO_COMMON_BLOCKS = YES;
				GCC_WARN_64_TO_32_BIT_CONVERSION = YES;
				GCC_WARN_ABOUT_RETURN_TYPE = YES_ERROR;
				GCC_WARN_UNDECLARED_SELECTOR = YES;
				GCC_WARN_UNINITIALIZED_AUTOS = YES_AGGRESSIVE;
				GCC_WARN_UNUSED_FUNCTION = YES;
				GCC_WARN_UNUSED_VARIABLE = YES;
				IPHONEOS_DEPLOYMENT_TARGET = 10.0;
				SDKROOT = iphoneos;
				SKIP_INSTALL = YES;
				TARGETED_DEVICE_FAMILY = "1,2";
				VALIDATE_PRODUCT = YES;
			};
			name = Release;
		};
		B11276A823D8EFD200E51F4C /* Debug */ = {
			isa = XCBuildConfiguration;
			baseConfigurationReference = A8CC1E22624BC24FF77090BF /* Pods-CirrusMDSDK-Pods-ObjC.debug.xcconfig */;
			buildSettings = {
				ASSETCATALOG_COMPILER_APPICON_NAME = AppIcon;
				CLANG_ANALYZER_NONNULL = YES;
				CLANG_ANALYZER_NUMBER_OBJECT_CONVERSION = YES_AGGRESSIVE;
				CLANG_CXX_LANGUAGE_STANDARD = "gnu++14";
				CLANG_ENABLE_OBJC_WEAK = YES;
				CLANG_WARN_DOCUMENTATION_COMMENTS = YES;
				CLANG_WARN_UNGUARDED_AVAILABILITY = YES_AGGRESSIVE;
				CODE_SIGN_STYLE = Automatic;
				DEBUG_INFORMATION_FORMAT = dwarf;
				DEVELOPMENT_TEAM = C7DYCH58CQ;
				GCC_C_LANGUAGE_STANDARD = gnu11;
				INFOPLIST_FILE = "CirrusMDSDK-Pods-ObjC/Info.plist";
				IPHONEOS_DEPLOYMENT_TARGET = 12.1;
				LD_RUNPATH_SEARCH_PATHS = "$(inherited) @executable_path/Frameworks";
				MTL_ENABLE_DEBUG_INFO = INCLUDE_SOURCE;
				MTL_FAST_MATH = YES;
				PRODUCT_BUNDLE_IDENTIFIER = "com.cirrusmd.CirrusMDSDK-Pods-ObjC";
				PRODUCT_NAME = "$(TARGET_NAME)";
				TARGETED_DEVICE_FAMILY = "1,2";
			};
			name = Debug;
		};
		B11276A923D8EFD200E51F4C /* Release */ = {
			isa = XCBuildConfiguration;
			baseConfigurationReference = 792458EBD19222BC2BAE4D25 /* Pods-CirrusMDSDK-Pods-ObjC.release.xcconfig */;
			buildSettings = {
				ASSETCATALOG_COMPILER_APPICON_NAME = AppIcon;
				CLANG_ANALYZER_NONNULL = YES;
				CLANG_ANALYZER_NUMBER_OBJECT_CONVERSION = YES_AGGRESSIVE;
				CLANG_CXX_LANGUAGE_STANDARD = "gnu++14";
				CLANG_ENABLE_OBJC_WEAK = YES;
				CLANG_WARN_DOCUMENTATION_COMMENTS = YES;
				CLANG_WARN_UNGUARDED_AVAILABILITY = YES_AGGRESSIVE;
				CODE_SIGN_STYLE = Automatic;
				COPY_PHASE_STRIP = NO;
				DEBUG_INFORMATION_FORMAT = "dwarf-with-dsym";
				DEVELOPMENT_TEAM = C7DYCH58CQ;
				GCC_C_LANGUAGE_STANDARD = gnu11;
				INFOPLIST_FILE = "CirrusMDSDK-Pods-ObjC/Info.plist";
				IPHONEOS_DEPLOYMENT_TARGET = 12.1;
				LD_RUNPATH_SEARCH_PATHS = "$(inherited) @executable_path/Frameworks";
				MTL_ENABLE_DEBUG_INFO = NO;
				MTL_FAST_MATH = YES;
				PRODUCT_BUNDLE_IDENTIFIER = "com.cirrusmd.CirrusMDSDK-Pods-ObjC";
				PRODUCT_NAME = "$(TARGET_NAME)";
				TARGETED_DEVICE_FAMILY = "1,2";
			};
			name = Release;
		};
		B170B962232C330B00665AE8 /* Debug */ = {
			isa = XCBuildConfiguration;
			baseConfigurationReference = DEE5138E96A85C30F89B9BF9 /* Pods-CirrusMDSDK-Pods.debug.xcconfig */;
			buildSettings = {
				ASSETCATALOG_COMPILER_APPICON_NAME = AppIcon;
				BUILD_LIBRARY_FOR_DISTRIBUTION = YES;
				CLANG_ANALYZER_NONNULL = YES;
				CLANG_ANALYZER_NUMBER_OBJECT_CONVERSION = YES_AGGRESSIVE;
				CLANG_CXX_LANGUAGE_STANDARD = "gnu++14";
				CLANG_ENABLE_OBJC_WEAK = YES;
				CLANG_WARN_DOCUMENTATION_COMMENTS = YES;
				CLANG_WARN_UNGUARDED_AVAILABILITY = YES_AGGRESSIVE;
				CODE_SIGN_IDENTITY = "iPhone Developer";
				CODE_SIGN_STYLE = Automatic;
				DEBUG_INFORMATION_FORMAT = dwarf;
				DEVELOPMENT_TEAM = C7DYCH58CQ;
				GCC_C_LANGUAGE_STANDARD = gnu11;
				INFOPLIST_FILE = "CirrusMDSDK-Pods/Info.plist";
				IPHONEOS_DEPLOYMENT_TARGET = 12.4;
				LD_RUNPATH_SEARCH_PATHS = "$(inherited) @executable_path/Frameworks";
				MTL_ENABLE_DEBUG_INFO = INCLUDE_SOURCE;
				MTL_FAST_MATH = YES;
				PRODUCT_BUNDLE_IDENTIFIER = "com.cirrusmd.CirrusMDSDK-Pods";
				PRODUCT_NAME = "$(TARGET_NAME)";
				SWIFT_ACTIVE_COMPILATION_CONDITIONS = DEBUG;
				SWIFT_OPTIMIZATION_LEVEL = "-Onone";
				SWIFT_VERSION = 5.0;
				TARGETED_DEVICE_FAMILY = "1,2";
			};
			name = Debug;
		};
		B170B963232C330B00665AE8 /* Release */ = {
			isa = XCBuildConfiguration;
			baseConfigurationReference = 93B1ABB43511102CCDBE6722 /* Pods-CirrusMDSDK-Pods.release.xcconfig */;
			buildSettings = {
				ASSETCATALOG_COMPILER_APPICON_NAME = AppIcon;
				BUILD_LIBRARY_FOR_DISTRIBUTION = YES;
				CLANG_ANALYZER_NONNULL = YES;
				CLANG_ANALYZER_NUMBER_OBJECT_CONVERSION = YES_AGGRESSIVE;
				CLANG_CXX_LANGUAGE_STANDARD = "gnu++14";
				CLANG_ENABLE_OBJC_WEAK = YES;
				CLANG_WARN_DOCUMENTATION_COMMENTS = YES;
				CLANG_WARN_UNGUARDED_AVAILABILITY = YES_AGGRESSIVE;
				CODE_SIGN_IDENTITY = "iPhone Developer";
				CODE_SIGN_STYLE = Automatic;
				COPY_PHASE_STRIP = NO;
				DEBUG_INFORMATION_FORMAT = "dwarf-with-dsym";
				DEVELOPMENT_TEAM = C7DYCH58CQ;
				GCC_C_LANGUAGE_STANDARD = gnu11;
				INFOPLIST_FILE = "CirrusMDSDK-Pods/Info.plist";
				IPHONEOS_DEPLOYMENT_TARGET = 12.4;
				LD_RUNPATH_SEARCH_PATHS = "$(inherited) @executable_path/Frameworks";
				MTL_ENABLE_DEBUG_INFO = NO;
				MTL_FAST_MATH = YES;
				PRODUCT_BUNDLE_IDENTIFIER = "com.cirrusmd.CirrusMDSDK-Pods";
				PRODUCT_NAME = "$(TARGET_NAME)";
				SWIFT_OPTIMIZATION_LEVEL = "-Owholemodule";
				SWIFT_VERSION = 5.0;
				TARGETED_DEVICE_FAMILY = "1,2";
			};
			name = Release;
		};
/* End XCBuildConfiguration section */

/* Begin XCConfigurationList section */
		6003F585195388D10070C39A /* Build configuration list for PBXProject "CirrusMDSDK-Example" */ = {
			isa = XCConfigurationList;
			buildConfigurations = (
				6003F5BD195388D20070C39A /* Debug */,
				6003F5BE195388D20070C39A /* Release */,
			);
			defaultConfigurationIsVisible = 0;
			defaultConfigurationName = Release;
		};
		B11276AA23D8EFD200E51F4C /* Build configuration list for PBXNativeTarget "CirrusMDSDK-Pods-ObjC" */ = {
			isa = XCConfigurationList;
			buildConfigurations = (
				B11276A823D8EFD200E51F4C /* Debug */,
				B11276A923D8EFD200E51F4C /* Release */,
			);
			defaultConfigurationIsVisible = 0;
			defaultConfigurationName = Release;
		};
		B170B961232C330B00665AE8 /* Build configuration list for PBXNativeTarget "CirrusMDSDK-Pods" */ = {
			isa = XCConfigurationList;
			buildConfigurations = (
				B170B962232C330B00665AE8 /* Debug */,
				B170B963232C330B00665AE8 /* Release */,
			);
			defaultConfigurationIsVisible = 0;
			defaultConfigurationName = Release;
		};
/* End XCConfigurationList section */
	};
	rootObject = 6003F582195388D10070C39A /* Project object */;
}
